
Microsoft Visual Studio Solution File, Format Version 12.00
# Visual Studio Version 16
VisualStudioVersion = 16.0.29318.209
MinimumVisualStudioVersion = 10.0.40219.1
Project("{9A19103F-16F7-4668-BE54-9A1E7A4F7556}") = "DomainDrivenDesign.Web", "DomainDrivenDesign.Web\DomainDrivenDesign.Web.csproj", "{35AE3C4C-F9AA-4920-885E-38372BDC6006}"
EndProject
Project("{9A19103F-16F7-4668-BE54-9A1E7A4F7556}") = "DomainDrivenDesign.Domain", "DomainDrivenDesign.Domain\DomainDrivenDesign.Domain.csproj", "{92FF3DC3-0E0B-4529-B59F-BDF50ECE1702}"
EndProject
Project("{9A19103F-16F7-4668-BE54-9A1E7A4F7556}") = "DomainDrivenDesign.Infrastructure", "DomainDrivenDesign.Infrastructure\DomainDrivenDesign.Infrastructure.csproj", "{8D5066E5-F33A-401C-904A-3C430E630547}"
EndProject
Project("{9A19103F-16F7-4668-BE54-9A1E7A4F7556}") = "DomainDrivenDesign.Application", "DomainDrivenDesign.Application\DomainDrivenDesign.Application.csproj", "{9D47649C-D1FC-49F5-A3B5-F467B6C395D5}"
EndProject
Project("{FAE04EC0-301F-11D3-BF4B-00C04F79EFBC}") = "DomainDrivenDesign.Domain.Core", "DomainDrivenDesign.Domain.Core\DomainDrivenDesign.Domain.Core.csproj", "{6D12A7AD-E7F8-46D3-A44A-AAA6909E3BCC}"
EndProject
Global
	GlobalSection(SolutionConfigurationPlatforms) = preSolution
		Debug|Any CPU = Debug|Any CPU
		Release|Any CPU = Release|Any CPU
	EndGlobalSection
	GlobalSection(ProjectConfigurationPlatforms) = postSolution
		{35AE3C4C-F9AA-4920-885E-38372BDC6006}.Debug|Any CPU.ActiveCfg = Debug|Any CPU
		{35AE3C4C-F9AA-4920-885E-38372BDC6006}.Debug|Any CPU.Build.0 = Debug|Any CPU
		{35AE3C4C-F9AA-4920-885E-38372BDC6006}.Release|Any CPU.ActiveCfg = Release|Any CPU
		{35AE3C4C-F9AA-4920-885E-38372BDC6006}.Release|Any CPU.Build.0 = Release|Any CPU
		{92FF3DC3-0E0B-4529-B59F-BDF50ECE1702}.Debug|Any CPU.ActiveCfg = Debug|Any CPU
		{92FF3DC3-0E0B-4529-B59F-BDF50ECE1702}.Debug|Any CPU.Build.0 = Debug|Any CPU
		{92FF3DC3-0E0B-4529-B59F-BDF50ECE1702}.Release|Any CPU.ActiveCfg = Release|Any CPU
		{92FF3DC3-0E0B-4529-B59F-BDF50ECE1702}.Release|Any CPU.Build.0 = Release|Any CPU
		{8D5066E5-F33A-401C-904A-3C430E630547}.Debug|Any CPU.ActiveCfg = Debug|Any CPU
		{8D5066E5-F33A-401C-904A-3C430E630547}.Debug|Any CPU.Build.0 = Debug|Any CPU
		{8D5066E5-F33A-401C-904A-3C430E630547}.Release|Any CPU.ActiveCfg = Release|Any CPU
		{8D5066E5-F33A-401C-904A-3C430E630547}.Release|Any CPU.Build.0 = Release|Any CPU
		{9D47649C-D1FC-49F5-A3B5-F467B6C395D5}.Debug|Any CPU.ActiveCfg = Debug|Any CPU
		{9D47649C-D1FC-49F5-A3B5-F467B6C395D5}.Debug|Any CPU.Build.0 = Debug|Any CPU
		{9D47649C-D1FC-49F5-A3B5-F467B6C395D5}.Release|Any CPU.ActiveCfg = Release|Any CPU
		{9D47649C-D1FC-49F5-A3B5-F467B6C395D5}.Release|Any CPU.Build.0 = Release|Any CPU
		{6D12A7AD-E7F8-46D3-A44A-AAA6909E3BCC}.Debug|Any CPU.ActiveCfg = Debug|Any CPU
		{6D12A7AD-E7F8-46D3-A44A-AAA6909E3BCC}.Debug|Any CPU.Build.0 = Debug|Any CPU
		{6D12A7AD-E7F8-46D3-A44A-AAA6909E3BCC}.Release|Any CPU.ActiveCfg = Release|Any CPU
		{6D12A7AD-E7F8-46D3-A44A-AAA6909E3BCC}.Release|Any CPU.Build.0 = Release|Any CPU
	EndGlobalSection
	GlobalSection(SolutionProperties) = preSolution
		HideSolutionNode = FALSE
	EndGlobalSection
	GlobalSection(ExtensibilityGlobals) = postSolution
		SolutionGuid = {3DC25678-0D05-4A3C-BD36-910119E14B1E}
	EndGlobalSection
EndGlobal
